
Microsoft Visual Studio Solution File, Format Version 12.00
# Visual Studio Version 16
VisualStudioVersion = 16.0.29709.97
MinimumVisualStudioVersion = 10.0.40219.1
Project("{8BC9CEB8-8B4A-11D0-8D11-00A0C91BC942}") = "MFCApplication1", "MFCApplication1.vcxproj", "{D93C4A18-D5D2-4599-92B8-445711D34984}"
EndProject
Global
	GlobalSection(SolutionConfigurationPlatforms) = preSolution
		Debug|x64 = Debug|x64
		Debug|x86 = Debug|x86
		Release|x64 = Release|x64
		Release|x86 = Release|x86
	EndGlobalSection
	GlobalSection(ProjectConfigurationPlatforms) = postSolution
		{D93C4A18-D5D2-4599-92B8-445711D34984}.Debug|x64.ActiveCfg = Debug|x64
		{D93C4A18-D5D2-4599-92B8-445711D34984}.Debug|x64.Build.0 = Debug|x64
		{D93C4A18-D5D2-4599-92B8-445711D34984}.Debug|x86.ActiveCfg = Debug|Win32
		{D93C4A18-D5D2-4599-92B8-445711D34984}.Debug|x86.Build.0 = Debug|Win32
		{D93C4A18-D5D2-4599-92B8-445711D34984}.Release|x64.ActiveCfg = Release|x64
		{D93C4A18-D5D2-4599-92B8-445711D34984}.Release|x64.Build.0 = Release|x64
		{D93C4A18-D5D2-4599-92B8-445711D34984}.Release|x86.ActiveCfg = Release|Win32
		{D93C4A18-D5D2-4599-92B8-445711D34984}.Release|x86.Build.0 = Release|Win32
	EndGlobalSection
	GlobalSection(SolutionProperties) = preSolution
		HideSolutionNode = FALSE
	EndGlobalSection
	GlobalSection(ExtensibilityGlobals) = postSolution
		SolutionGuid = {AF2782BF-9922-47EC-88F7-3265419A8F49}
	EndGlobalSection
EndGlobal
